// !$*UTF8*$!
{
	archiveVersion = 1;
	classes = {
	};
	objectVersion = 46;
	objects = {

/* Begin PBXBuildFile section */
		D2D980CE1A6FE13B00F57023 /* main.m in Sources */ = {isa = PBXBuildFile; fileRef = D2D980CD1A6FE13B00F57023 /* main.m */; };
		D2D980D11A6FE13B00F57023 /* AppDelegate.m in Sources */ = {isa = PBXBuildFile; fileRef = D2D980D01A6FE13B00F57023 /* AppDelegate.m */; };
		D2D980D41A6FE13B00F57023 /* ViewController.m in Sources */ = {isa = PBXBuildFile; fileRef = D2D980D31A6FE13B00F57023 /* ViewController.m */; };
		D2D980D71A6FE13B00F57023 /* Main.storyboard in Resources */ = {isa = PBXBuildFile; fileRef = D2D980D51A6FE13B00F57023 /* Main.storyboard */; };
		D2D980D91A6FE13B00F57023 /* Images.xcassets in Resources */ = {isa = PBXBuildFile; fileRef = D2D980D81A6FE13B00F57023 /* Images.xcassets */; };
		D2D980DC1A6FE13B00F57023 /* LaunchScreen.xib in Resources */ = {isa = PBXBuildFile; fileRef = D2D980DA1A6FE13B00F57023 /* LaunchScreen.xib */; };
		D2D980E81A6FE13B00F57023 /* WebViewAppTests.m in Sources */ = {isa = PBXBuildFile; fileRef = D2D980E71A6FE13B00F57023 /* WebViewAppTests.m */; };
		D2D980F21A6FE8E600F57023 /* index.html in Resources */ = {isa = PBXBuildFile; fileRef = D2D980F11A6FE8E600F57023 /* index.html */; };
/* End PBXBuildFile section */

/* Begin PBXContainerItemProxy section */
		D2D980E21A6FE13B00F57023 /* PBXContainerItemProxy */ = {
			isa = PBXContainerItemProxy;
			containerPortal = D2D980C01A6FE13A00F57023 /* Project object */;
			proxyType = 1;
			remoteGlobalIDString = D2D980C71A6FE13B00F57023;
			remoteInfo = WebViewApp;
		};
/* End PBXContainerItemProxy section */

/* Begin PBXFileReference section */
		D2D980C81A6FE13B00F57023 /* WebViewApp.app */ = {isa = PBXFileReference; explicitFileType = wrapper.application; includeInIndex = 0; path = WebViewApp.app; sourceTree = BUILT_PRODUCTS_DIR; };
		D2D980CC1A6FE13B00F57023 /* Info.plist */ = {isa = PBXFileReference; lastKnownFileType = text.plist.xml; path = Info.plist; sourceTree = "<group>"; };
		D2D980CD1A6FE13B00F57023 /* main.m */ = {isa = PBXFileReference; lastKnownFileType = sourcecode.c.objc; path = main.m; sourceTree = "<group>"; };
		D2D980CF1A6FE13B00F57023 /* AppDelegate.h */ = {isa = PBXFileReference; lastKnownFileType = sourcecode.c.h; path = AppDelegate.h; sourceTree = "<group>"; };
		D2D980D01A6FE13B00F57023 /* AppDelegate.m */ = {isa = PBXFileReference; lastKnownFileType = sourcecode.c.objc; path = AppDelegate.m; sourceTree = "<group>"; };
		D2D980D21A6FE13B00F57023 /* ViewController.h */ = {isa = PBXFileReference; lastKnownFileType = sourcecode.c.h; path = ViewController.h; sourceTree = "<group>"; };
		D2D980D31A6FE13B00F57023 /* ViewController.m */ = {isa = PBXFileReference; lastKnownFileType = sourcecode.c.objc; path = ViewController.m; sourceTree = "<group>"; };
		D2D980D61A6FE13B00F57023 /* Base */ = {isa = PBXFileReference; lastKnownFileType = file.storyboard; name = Base; path = Base.lproj/Main.storyboard; sourceTree = "<group>"; };
		D2D980D81A6FE13B00F57023 /* Images.xcassets */ = {isa = PBXFileReference; lastKnownFileType = folder.assetcatalog; path = Images.xcassets; sourceTree = "<group>"; };
		D2D980DB1A6FE13B00F57023 /* Base */ = {isa = PBXFileReference; lastKnownFileType = file.xib; name = Base; path = Base.lproj/LaunchScreen.xib; sourceTree = "<group>"; };
		D2D980E11A6FE13B00F57023 /* WebViewAppTests.xctest */ = {isa = PBXFileReference; explicitFileType = wrapper.cfbundle; includeInIndex = 0; path = WebViewAppTests.xctest; sourceTree = BUILT_PRODUCTS_DIR; };
		D2D980E61A6FE13B00F57023 /* Info.plist */ = {isa = PBXFileReference; lastKnownFileType = text.plist.xml; path = Info.plist; sourceTree = "<group>"; };
		D2D980E71A6FE13B00F57023 /* WebViewAppTests.m */ = {isa = PBXFileReference; lastKnownFileType = sourcecode.c.objc; path = WebViewAppTests.m; sourceTree = "<group>"; };
		D2D980F11A6FE8E600F57023 /* index.html */ = {isa = PBXFileReference; fileEncoding = 4; lastKnownFileType = text.html; path = index.html; sourceTree = "<group>"; };
/* End PBXFileReference section */

/* Begin PBXFrameworksBuildPhase section */
		D2D980C51A6FE13B00F57023 /* Frameworks */ = {
			isa = PBXFrameworksBuildPhase;
			buildActionMask = 2147483647;
			files = (
			);
			runOnlyForDeploymentPostprocessing = 0;
		};
		D2D980DE1A6FE13B00F57023 /* Frameworks */ = {
			isa = PBXFrameworksBuildPhase;
			buildActionMask = 2147483647;
			files = (
			);
			runOnlyForDeploymentPostprocessing = 0;
		};
/* End PBXFrameworksBuildPhase section */

/* Begin PBXGroup section */
		D2D980BF1A6FE13A00F57023 = {
			isa = PBXGroup;
			children = (
				D2D980CA1A6FE13B00F57023 /* WebViewApp */,
				D2D980E41A6FE13B00F57023 /* WebViewAppTests */,
				D2D980C91A6FE13B00F57023 /* Products */,
			);
			sourceTree = "<group>";
		};
		D2D980C91A6FE13B00F57023 /* Products */ = {
			isa = PBXGroup;
			children = (
				D2D980C81A6FE13B00F57023 /* WebViewApp.app */,
				D2D980E11A6FE13B00F57023 /* WebViewAppTests.xctest */,
			);
			name = Products;
			sourceTree = "<group>";
		};
		D2D980CA1A6FE13B00F57023 /* WebViewApp */ = {
			isa = PBXGroup;
			children = (
				D2D980CF1A6FE13B00F57023 /* AppDelegate.h */,
				D2D980D01A6FE13B00F57023 /* AppDelegate.m */,
				D2D980D21A6FE13B00F57023 /* ViewController.h */,
				D2D980D31A6FE13B00F57023 /* ViewController.m */,
				D2D980D51A6FE13B00F57023 /* Main.storyboard */,
				D2D980D81A6FE13B00F57023 /* Images.xcassets */,
				D2D980DA1A6FE13B00F57023 /* LaunchScreen.xib */,
				D2D980CB1A6FE13B00F57023 /* Supporting Files */,
			);
			path = WebViewApp;
			sourceTree = "<group>";
		};
		D2D980CB1A6FE13B00F57023 /* Supporting Files */ = {
			isa = PBXGroup;
			children = (
				D2D980F11A6FE8E600F57023 /* index.html */,
				D2D980CC1A6FE13B00F57023 /* Info.plist */,
				D2D980CD1A6FE13B00F57023 /* main.m */,
			);
			name = "Supporting Files";
			sourceTree = "<group>";
		};
		D2D980E41A6FE13B00F57023 /* WebViewAppTests */ = {
			isa = PBXGroup;
			children = (
				D2D980E71A6FE13B00F57023 /* WebViewAppTests.m */,
				D2D980E51A6FE13B00F57023 /* Supporting Files */,
			);
			path = WebViewAppTests;
			sourceTree = "<group>";
		};
		D2D980E51A6FE13B00F57023 /* Supporting Files */ = {
			isa = PBXGroup;
			children = (
				D2D980E61A6FE13B00F57023 /* Info.plist */,
			);
			name = "Supporting Files";
			sourceTree = "<group>";
		};
/* End PBXGroup section */

/* Begin PBXNativeTarget section */
		D2D980C71A6FE13B00F57023 /* WebViewApp */ = {
			isa = PBXNativeTarget;
			buildConfigurationList = D2D980EB1A6FE13B00F57023 /* Build configuration list for PBXNativeTarget "WebViewApp" */;
			buildPhases = (
				D2D980C41A6FE13B00F57023 /* Sources */,
				D2D980C51A6FE13B00F57023 /* Frameworks */,
				D2D980C61A6FE13B00F57023 /* Resources */,
			);
			buildRules = (
			);
			dependencies = (
			);
			name = WebViewApp;
			productName = WebViewApp;
			productReference = D2D980C81A6FE13B00F57023 /* WebViewApp.app */;
			productType = "com.apple.product-type.application";
		};
		D2D980E01A6FE13B00F57023 /* WebViewAppTests */ = {
			isa = PBXNativeTarget;
			buildConfigurationList = D2D980EE1A6FE13B00F57023 /* Build configuration list for PBXNativeTarget "WebViewAppTests" */;
			buildPhases = (
				D2D980DD1A6FE13B00F57023 /* Sources */,
				D2D980DE1A6FE13B00F57023 /* Frameworks */,
				D2D980DF1A6FE13B00F57023 /* Resources */,
			);
			buildRules = (
			);
			dependencies = (
				D2D980E31A6FE13B00F57023 /* PBXTargetDependency */,
			);
			name = WebViewAppTests;
			productName = WebViewAppTests;
			productReference = D2D980E11A6FE13B00F57023 /* WebViewAppTests.xctest */;
			productType = "com.apple.product-type.bundle.unit-test";
		};
/* End PBXNativeTarget section */

/* Begin PBXProject section */
		D2D980C01A6FE13A00F57023 /* Project object */ = {
			isa = PBXProject;
			attributes = {
				LastUpgradeCheck = 0610;
				ORGANIZATIONNAME = Nomtek;
				TargetAttributes = {
					D2D980C71A6FE13B00F57023 = {
						CreatedOnToolsVersion = 6.1.1;
					};
					D2D980E01A6FE13B00F57023 = {
						CreatedOnToolsVersion = 6.1.1;
						TestTargetID = D2D980C71A6FE13B00F57023;
					};
				};
			};
			buildConfigurationList = D2D980C31A6FE13B00F57023 /* Build configuration list for PBXProject "WebViewApp" */;
			compatibilityVersion = "Xcode 3.2";
			developmentRegion = English;
			hasScannedForEncodings = 0;
			knownRegions = (
				en,
				Base,
			);
			mainGroup = D2D980BF1A6FE13A00F57023;
			productRefGroup = D2D980C91A6FE13B00F57023 /* Products */;
			projectDirPath = "";
			projectRoot = "";
			targets = (
				D2D980C71A6FE13B00F57023 /* WebViewApp */,
				D2D980E01A6FE13B00F57023 /* WebViewAppTests */,
			);
		};
/* End PBXProject section */

/* Begin PBXResourcesBuildPhase section */
		D2D980C61A6FE13B00F57023 /* Resources */ = {
			isa = PBXResourcesBuildPhase;
			buildActionMask = 2147483647;
			files = (
				D2D980D71A6FE13B00F57023 /* Main.storyboard in Resources */,
				D2D980F21A6FE8E600F57023 /* index.html in Resources */,
				D2D980DC1A6FE13B00F57023 /* LaunchScreen.xib in Resources */,
				D2D980D91A6FE13B00F57023 /* Images.xcassets in Resources */,
			);
			runOnlyForDeploymentPostprocessing = 0;
		};
		D2D980DF1A6FE13B00F57023 /* Resources */ = {
			isa = PBXResourcesBuildPhase;
			buildActionMask = 2147483647;
			files = (
			);
			runOnlyForDeploymentPostprocessing = 0;
		};
/* End PBXResourcesBuildPhase section */

/* Begin PBXSourcesBuildPhase section */
		D2D980C41A6FE13B00F57023 /* Sources */ = {
			isa = PBXSourcesBuildPhase;
			buildActionMask = 2147483647;
			files = (
				D2D980D41A6FE13B00F57023 /* ViewController.m in Sources */,
				D2D980D11A6FE13B00F57023 /* AppDelegate.m in Sources */,
				D2D980CE1A6FE13B00F57023 /* main.m in Sources */,
			);
			runOnlyForDeploymentPostprocessing = 0;
		};
		D2D980DD1A6FE13B00F57023 /* Sources */ = {
			isa = PBXSourcesBuildPhase;
			buildActionMask = 2147483647;
			files = (
				D2D980E81A6FE13B00F57023 /* WebViewAppTests.m in Sources */,
			);
			runOnlyForDeploymentPostprocessing = 0;
		};
/* End PBXSourcesBuildPhase section */

/* Begin PBXTargetDependency section */
		D2D980E31A6FE13B00F57023 /* PBXTargetDependency */ = {
			isa = PBXTargetDependency;
			target = D2D980C71A6FE13B00F57023 /* WebViewApp */;
			targetProxy = D2D980E21A6FE13B00F57023 /* PBXContainerItemProxy */;
		};
/* End PBXTargetDependency section */

/* Begin PBXVariantGroup section */
		D2D980D51A6FE13B00F57023 /* Main.storyboard */ = {
			isa = PBXVariantGroup;
			children = (
				D2D980D61A6FE13B00F57023 /* Base */,
			);
			name = Main.storyboard;
			sourceTree = "<group>";
		};
		D2D980DA1A6FE13B00F57023 /* LaunchScreen.xib */ = {
			isa = PBXVariantGroup;
			children = (
				D2D980DB1A6FE13B00F57023 /* Base */,
			);
			name = LaunchScreen.xib;
			sourceTree = "<group>";
		};
/* End PBXVariantGroup section */

/* Begin XCBuildConfiguration section */
		D2D980E91A6FE13B00F57023 /* Debug */ = {
			isa = XCBuildConfiguration;
			buildSettings = {
				ALWAYS_SEARCH_USER_PATHS = NO;
				CLANG_CXX_LANGUAGE_STANDARD = "gnu++0x";
				CLANG_CXX_LIBRARY = "libc++";
				CLANG_ENABLE_MODULES = YES;
				CLANG_ENABLE_OBJC_ARC = YES;
				CLANG_WARN_BOOL_CONVERSION = YES;
				CLANG_WARN_CONSTANT_CONVERSION = YES;
				CLANG_WARN_DIRECT_OBJC_ISA_USAGE = YES_ERROR;
				CLANG_WARN_EMPTY_BODY = YES;
				CLANG_WARN_ENUM_CONVERSION = YES;
				CLANG_WARN_INT_CONVERSION = YES;
				CLANG_WARN_OBJC_ROOT_CLASS = YES_ERROR;
				CLANG_WARN_UNREACHABLE_CODE = YES;
				CLANG_WARN__DUPLICATE_METHOD_MATCH = YES;
				"CODE_SIGN_IDENTITY[sdk=iphoneos*]" = "iPhone Developer";
				COPY_PHASE_STRIP = NO;
				ENABLE_STRICT_OBJC_MSGSEND = YES;
				GCC_C_LANGUAGE_STANDARD = gnu99;
				GCC_DYNAMIC_NO_PIC = NO;
				GCC_OPTIMIZATION_LEVEL = 0;
				GCC_PREPROCESSOR_DEFINITIONS = (
					"DEBUG=1",
					"$(inherited)",
				);
				GCC_SYMBOLS_PRIVATE_EXTERN = NO;
				GCC_WARN_64_TO_32_BIT_CONVERSION = YES;
				GCC_WARN_ABOUT_RETURN_TYPE = YES_ERROR;
				GCC_WARN_UNDECLARED_SELECTOR = YES;
				GCC_WARN_UNINITIALIZED_AUTOS = YES_AGGRESSIVE;
				GCC_WARN_UNUSED_FUNCTION = YES;
				GCC_WARN_UNUSED_VARIABLE = YES;
				IPHONEOS_DEPLOYMENT_TARGET = 8.1;
				MTL_ENABLE_DEBUG_INFO = YES;
				ONLY_ACTIVE_ARCH = YES;
				SDKROOT = iphoneos;
				TARGETED_DEVICE_FAMILY = "1,2";
			};
			name = Debug;
		};
		D2D980EA1A6FE13B00F57023 /* Release */ = {
			isa = XCBuildConfiguration;
			buildSettings = {
				ALWAYS_SEARCH_USER_PATHS = NO;
				CLANG_CXX_LANGUAGE_STANDARD = "gnu++0x";
				CLANG_CXX_LIBRARY = "libc++";
				CLANG_ENABLE_MODULES = YES;
				CLANG_ENABLE_OBJC_ARC = YES;
				CLANG_WARN_BOOL_CONVERSION = YES;
				CLANG_WARN_CONSTANT_CONVERSION = YES;
				CLANG_WARN_DIRECT_OBJC_ISA_USAGE = YES_ERROR;
				CLANG_WARN_EMPTY_BODY = YES;
				CLANG_WARN_ENUM_CONVERSION = YES;
				CLANG_WARN_INT_CONVERSION = YES;
				CLANG_WARN_OBJC_ROOT_CLASS = YES_ERROR;
				CLANG_WARN_UNREACHABLE_CODE = YES;
				CLANG_WARN__DUPLICATE_METHOD_MATCH = YES;
				"CODE_SIGN_IDENTITY[sdk=iphoneos*]" = "iPhone Developer";
				COPY_PHASE_STRIP = YES;
				ENABLE_NS_ASSERTIONS = NO;
				ENABLE_STRICT_OBJC_MSGSEND = YES;
				GCC_C_LANGUAGE_STANDARD = gnu99;
				GCC_WARN_64_TO_32_BIT_CONVERSION = YES;
				GCC_WARN_ABOUT_RETURN_TYPE = YES_ERROR;
				GCC_WARN_UNDECLARED_SELECTOR = YES;
				GCC_WARN_UNINITIALIZED_AUTOS = YES_AGGRESSIVE;
				GCC_WARN_UNUSED_FUNCTION = YES;
				GCC_WARN_UNUSED_VARIABLE = YES;
				IPHONEOS_DEPLOYMENT_TARGET = 8.1;
				MTL_ENABLE_DEBUG_INFO = NO;
				SDKROOT = iphoneos;
				TARGETED_DEVICE_FAMILY = "1,2";
				VALIDATE_PRODUCT = YES;
			};
			name = Release;
		};
		D2D980EC1A6FE13B00F57023 /* Debug */ = {
			isa = XCBuildConfiguration;
			buildSettings = {
				ASSETCATALOG_COMPILER_APPICON_NAME = AppIcon;
				INFOPLIST_FILE = WebViewApp/Info.plist;
				LD_RUNPATH_SEARCH_PATHS = "$(inherited) @executable_path/Frameworks";
				PRODUCT_NAME = "$(TARGET_NAME)";
			};
			name = Debug;
		};
		D2D980ED1A6FE13B00F57023 /* Release */ = {
			isa = XCBuildConfiguration;
			buildSettings = {
				ASSETCATALOG_COMPILER_APPICON_NAME = AppIcon;
				INFOPLIST_FILE = WebViewApp/Info.plist;
				LD_RUNPATH_SEARCH_PATHS = "$(inherited) @executable_path/Frameworks";
				PRODUCT_NAME = "$(TARGET_NAME)";
			};
			name = Release;
		};
		D2D980EF1A6FE13B00F57023 /* Debug */ = {
			isa = XCBuildConfiguration;
			buildSettings = {
				BUNDLE_LOADER = "$(TEST_HOST)";
				FRAMEWORK_SEARCH_PATHS = (
					"$(SDKROOT)/Developer/Library/Frameworks",
					"$(inherited)",
				);
				GCC_PREPROCESSOR_DEFINITIONS = (
					"DEBUG=1",
					"$(inherited)",
				);
				INFOPLIST_FILE = WebViewAppTests/Info.plist;
				LD_RUNPATH_SEARCH_PATHS = "$(inherited) @executable_path/Frameworks @loader_path/Frameworks";
				PRODUCT_NAME = "$(TARGET_NAME)";
				TEST_HOST = "$(BUILT_PRODUCTS_DIR)/WebViewApp.app/WebViewApp";
			};
			name = Debug;
		};
		D2D980F01A6FE13B00F57023 /* Release */ = {
			isa = XCBuildConfiguration;
			buildSettings = {
				BUNDLE_LOADER = "$(TEST_HOST)";
				FRAMEWORK_SEARCH_PATHS = (
					"$(SDKROOT)/Developer/Library/Frameworks",
					"$(inherited)",
				);
				INFOPLIST_FILE = WebViewAppTests/Info.plist;
				LD_RUNPATH_SEARCH_PATHS = "$(inherited) @executable_path/Frameworks @loader_path/Frameworks";
				PRODUCT_NAME = "$(TARGET_NAME)";
				TEST_HOST = "$(BUILT_PRODUCTS_DIR)/WebViewApp.app/WebViewApp";
			};
			name = Release;
		};
/* End XCBuildConfiguration section */

/* Begin XCConfigurationList section */
		D2D980C31A6FE13B00F57023 /* Build configuration list for PBXProject "WebViewApp" */ = {
			isa = XCConfigurationList;
			buildConfigurations = (
				D2D980E91A6FE13B00F57023 /* Debug */,
				D2D980EA1A6FE13B00F57023 /* Release */,
			);
			defaultConfigurationIsVisible = 0;
			defaultConfigurationName = Release;
		};
		D2D980EB1A6FE13B00F57023 /* Build configuration list for PBXNativeTarget "WebViewApp" */ = {
			isa = XCConfigurationList;
			buildConfigurations = (
				D2D980EC1A6FE13B00F57023 /* Debug */,
				D2D980ED1A6FE13B00F57023 /* Release */,
			);
			defaultConfigurationIsVisible = 0;
		};
		D2D980EE1A6FE13B00F57023 /* Build configuration list for PBXNativeTarget "WebViewAppTests" */ = {
			isa = XCConfigurationList;
			buildConfigurations = (
				D2D980EF1A6FE13B00F57023 /* Debug */,
				D2D980F01A6FE13B00F57023 /* Release */,
			);
			defaultConfigurationIsVisible = 0;
		};
/* End XCConfigurationList section */
	};
	rootObject = D2D980C01A6FE13A00F57023 /* Project object */;
}
